
Microsoft Visual Studio Solution File, Format Version 12.00
# Visual Studio Version 17
VisualStudioVersion = 17.3.32825.248
MinimumVisualStudioVersion = 10.0.40219.1
Project("{FAE04EC0-301F-11D3-BF4B-00C04F79EFBC}") = "dz 22.03", "dz 22.03\dz 22.03.csproj", "{EFF5AE9E-D21A-4497-BDE9-26FEBF4F7233}"
EndProject
Global
	GlobalSection(SolutionConfigurationPlatforms) = preSolution
		Debug|Any CPU = Debug|Any CPU
		Release|Any CPU = Release|Any CPU
	EndGlobalSection
	GlobalSection(ProjectConfigurationPlatforms) = postSolution
		{EFF5AE9E-D21A-4497-BDE9-26FEBF4F7233}.Debug|Any CPU.ActiveCfg = Debug|Any CPU
		{EFF5AE9E-D21A-4497-BDE9-26FEBF4F7233}.Debug|Any CPU.Build.0 = Debug|Any CPU
		{EFF5AE9E-D21A-4497-BDE9-26FEBF4F7233}.Release|Any CPU.ActiveCfg = Release|Any CPU
		{EFF5AE9E-D21A-4497-BDE9-26FEBF4F7233}.Release|Any CPU.Build.0 = Release|Any CPU
	EndGlobalSection
	GlobalSection(SolutionProperties) = preSolution
		HideSolutionNode = FALSE
	EndGlobalSection
	GlobalSection(ExtensibilityGlobals) = postSolution
		SolutionGuid = {4C1DE796-269D-49DC-B7B3-CEEB73C6D132}
	EndGlobalSection
EndGlobal
